
Microsoft Visual Studio Solution File, Format Version 12.00
# Visual Studio Version 17
VisualStudioVersion = 17.5.33424.131
MinimumVisualStudioVersion = 10.0.40219.1
Project("{FAE04EC0-301F-11D3-BF4B-00C04F79EFBC}") = "ConsoleApp", "ConsoleApp\ConsoleApp.csproj", "{BECF92A5-233B-4392-8401-3FA254068FBC}"
EndProject
Global
	GlobalSection(SolutionConfigurationPlatforms) = preSolution
		Debug|Any CPU = Debug|Any CPU
		Release|Any CPU = Release|Any CPU
	EndGlobalSection
	GlobalSection(ProjectConfigurationPlatforms) = postSolution
		{BECF92A5-233B-4392-8401-3FA254068FBC}.Debug|Any CPU.ActiveCfg = Debug|Any CPU
		{BECF92A5-233B-4392-8401-3FA254068FBC}.Debug|Any CPU.Build.0 = Debug|Any CPU
		{BECF92A5-233B-4392-8401-3FA254068FBC}.Release|Any CPU.ActiveCfg = Release|Any CPU
		{BECF92A5-233B-4392-8401-3FA254068FBC}.Release|Any CPU.Build.0 = Release|Any CPU
	EndGlobalSection
	GlobalSection(SolutionProperties) = preSolution
		HideSolutionNode = FALSE
	EndGlobalSection
	GlobalSection(ExtensibilityGlobals) = postSolution
		SolutionGuid = {35E53633-307F-4C1C-9D8D-1209BE00C70D}
	EndGlobalSection
EndGlobal
