
Microsoft Visual Studio Solution File, Format Version 12.00
# Visual Studio Version 17
VisualStudioVersion = 17.5.33424.131
MinimumVisualStudioVersion = 10.0.40219.1
Project("{FAE04EC0-301F-11D3-BF4B-00C04F79EFBC}") = "DZ_3", "DZ_3.csproj", "{05DB2F0C-5560-48EE-9B20-A5B44D1CEE4C}"
EndProject
Global
	GlobalSection(SolutionConfigurationPlatforms) = preSolution
		Debug|Any CPU = Debug|Any CPU
		Release|Any CPU = Release|Any CPU
	EndGlobalSection
	GlobalSection(ProjectConfigurationPlatforms) = postSolution
		{05DB2F0C-5560-48EE-9B20-A5B44D1CEE4C}.Debug|Any CPU.ActiveCfg = Debug|Any CPU
		{05DB2F0C-5560-48EE-9B20-A5B44D1CEE4C}.Debug|Any CPU.Build.0 = Debug|Any CPU
		{05DB2F0C-5560-48EE-9B20-A5B44D1CEE4C}.Release|Any CPU.ActiveCfg = Release|Any CPU
		{05DB2F0C-5560-48EE-9B20-A5B44D1CEE4C}.Release|Any CPU.Build.0 = Release|Any CPU
	EndGlobalSection
	GlobalSection(SolutionProperties) = preSolution
		HideSolutionNode = FALSE
	EndGlobalSection
	GlobalSection(ExtensibilityGlobals) = postSolution
		SolutionGuid = {2D83F36E-C94C-4E6F-B342-C04EACAB5776}
	EndGlobalSection
EndGlobal
