
Microsoft Visual Studio Solution File, Format Version 12.00
# Visual Studio Version 17
VisualStudioVersion = 17.5.33424.131
MinimumVisualStudioVersion = 10.0.40219.1
Project("{FAE04EC0-301F-11D3-BF4B-00C04F79EFBC}") = "ConsoleApp3", "ConsoleApp3.csproj", "{CC098451-C40C-41D5-BD50-1268B075785B}"
EndProject
Global
	GlobalSection(SolutionConfigurationPlatforms) = preSolution
		Debug|Any CPU = Debug|Any CPU
		Release|Any CPU = Release|Any CPU
	EndGlobalSection
	GlobalSection(ProjectConfigurationPlatforms) = postSolution
		{CC098451-C40C-41D5-BD50-1268B075785B}.Debug|Any CPU.ActiveCfg = Debug|Any CPU
		{CC098451-C40C-41D5-BD50-1268B075785B}.Debug|Any CPU.Build.0 = Debug|Any CPU
		{CC098451-C40C-41D5-BD50-1268B075785B}.Release|Any CPU.ActiveCfg = Release|Any CPU
		{CC098451-C40C-41D5-BD50-1268B075785B}.Release|Any CPU.Build.0 = Release|Any CPU
	EndGlobalSection
	GlobalSection(SolutionProperties) = preSolution
		HideSolutionNode = FALSE
	EndGlobalSection
	GlobalSection(ExtensibilityGlobals) = postSolution
		SolutionGuid = {52BDCA01-77AE-4AF1-883D-F31E1FD3F089}
	EndGlobalSection
EndGlobal
