
Microsoft Visual Studio Solution File, Format Version 12.00
# Visual Studio Version 17
VisualStudioVersion = 17.5.33424.131
MinimumVisualStudioVersion = 10.0.40219.1
Project("{FAE04EC0-301F-11D3-BF4B-00C04F79EFBC}") = "ConsoleApp1", "ConsoleApp1\ConsoleApp1.csproj", "{017ED8D7-BAFF-4D58-95CE-6C21D7C80FA6}"
EndProject
Global
	GlobalSection(SolutionConfigurationPlatforms) = preSolution
		Debug|Any CPU = Debug|Any CPU
		Release|Any CPU = Release|Any CPU
	EndGlobalSection
	GlobalSection(ProjectConfigurationPlatforms) = postSolution
		{017ED8D7-BAFF-4D58-95CE-6C21D7C80FA6}.Debug|Any CPU.ActiveCfg = Debug|Any CPU
		{017ED8D7-BAFF-4D58-95CE-6C21D7C80FA6}.Debug|Any CPU.Build.0 = Debug|Any CPU
		{017ED8D7-BAFF-4D58-95CE-6C21D7C80FA6}.Release|Any CPU.ActiveCfg = Release|Any CPU
		{017ED8D7-BAFF-4D58-95CE-6C21D7C80FA6}.Release|Any CPU.Build.0 = Release|Any CPU
	EndGlobalSection
	GlobalSection(SolutionProperties) = preSolution
		HideSolutionNode = FALSE
	EndGlobalSection
	GlobalSection(ExtensibilityGlobals) = postSolution
		SolutionGuid = {176FF37D-978A-4190-B801-376BA1C5128C}
	EndGlobalSection
EndGlobal
