
Microsoft Visual Studio Solution File, Format Version 12.00
# Visual Studio Version 17
VisualStudioVersion = 17.5.33424.131
MinimumVisualStudioVersion = 10.0.40219.1
Project("{FAE04EC0-301F-11D3-BF4B-00C04F79EFBC}") = "ConsoleApp2", "ConsoleApp2.csproj", "{428725B1-8393-48E3-9A82-6B33E33EDAFD}"
EndProject
Global
	GlobalSection(SolutionConfigurationPlatforms) = preSolution
		Debug|Any CPU = Debug|Any CPU
		Release|Any CPU = Release|Any CPU
	EndGlobalSection
	GlobalSection(ProjectConfigurationPlatforms) = postSolution
		{428725B1-8393-48E3-9A82-6B33E33EDAFD}.Debug|Any CPU.ActiveCfg = Debug|Any CPU
		{428725B1-8393-48E3-9A82-6B33E33EDAFD}.Debug|Any CPU.Build.0 = Debug|Any CPU
		{428725B1-8393-48E3-9A82-6B33E33EDAFD}.Release|Any CPU.ActiveCfg = Release|Any CPU
		{428725B1-8393-48E3-9A82-6B33E33EDAFD}.Release|Any CPU.Build.0 = Release|Any CPU
	EndGlobalSection
	GlobalSection(SolutionProperties) = preSolution
		HideSolutionNode = FALSE
	EndGlobalSection
	GlobalSection(ExtensibilityGlobals) = postSolution
		SolutionGuid = {47FFE658-6CA0-4F4B-A666-67BDE18635AF}
	EndGlobalSection
EndGlobal
